
Microsoft Visual Studio Solution File, Format Version 12.00
# Visual Studio Version 17
VisualStudioVersion = 17.0.31903.59
MinimumVisualStudioVersion = 10.0.40219.1
Project("{FAE04EC0-301F-11D3-BF4B-00C04F79EFBC}") = "KnowledgeBase.Core", "KnowledgeBase.Core\KnowledgeBase.Core.csproj", "{4EA2CF6B-E2E9-435E-8888-C5C637C4435C}"
EndProject
Project("{FAE04EC0-301F-11D3-BF4B-00C04F79EFBC}") = "KnowledgeBase.Api", "KnowledgeBase.Api\KnowledgeBase.Api.csproj", "{39E0FBD6-697A-4A25-9855-A390B8A00CA8}"
EndProject
Project("{FAE04EC0-301F-11D3-BF4B-00C04F79EFBC}") = "KnowledgeBase.Worker", "KnowledgeBase.Worker\KnowledgeBase.Worker.csproj", "{870ABB6F-34B4-4382-B2D7-12B4E3EA0049}"
EndProject
Global
	GlobalSection(SolutionConfigurationPlatforms) = preSolution
		Debug|Any CPU = Debug|Any CPU
		Release|Any CPU = Release|Any CPU
	EndGlobalSection
	GlobalSection(SolutionProperties) = preSolution
		HideSolutionNode = FALSE
	EndGlobalSection
	GlobalSection(ProjectConfigurationPlatforms) = postSolution
		{4EA2CF6B-E2E9-435E-8888-C5C637C4435C}.Debug|Any CPU.ActiveCfg = Debug|Any CPU
		{4EA2CF6B-E2E9-435E-8888-C5C637C4435C}.Debug|Any CPU.Build.0 = Debug|Any CPU
		{4EA2CF6B-E2E9-435E-8888-C5C637C4435C}.Release|Any CPU.ActiveCfg = Release|Any CPU
		{4EA2CF6B-E2E9-435E-8888-C5C637C4435C}.Release|Any CPU.Build.0 = Release|Any CPU
		{39E0FBD6-697A-4A25-9855-A390B8A00CA8}.Debug|Any CPU.ActiveCfg = Debug|Any CPU
		{39E0FBD6-697A-4A25-9855-A390B8A00CA8}.Debug|Any CPU.Build.0 = Debug|Any CPU
		{39E0FBD6-697A-4A25-9855-A390B8A00CA8}.Release|Any CPU.ActiveCfg = Release|Any CPU
		{39E0FBD6-697A-4A25-9855-A390B8A00CA8}.Release|Any CPU.Build.0 = Release|Any CPU
		{870ABB6F-34B4-4382-B2D7-12B4E3EA0049}.Debug|Any CPU.ActiveCfg = Debug|Any CPU
		{870ABB6F-34B4-4382-B2D7-12B4E3EA0049}.Debug|Any CPU.Build.0 = Debug|Any CPU
		{870ABB6F-34B4-4382-B2D7-12B4E3EA0049}.Release|Any CPU.ActiveCfg = Release|Any CPU
		{870ABB6F-34B4-4382-B2D7-12B4E3EA0049}.Release|Any CPU.Build.0 = Release|Any CPU
	EndGlobalSection
EndGlobal
